
Microsoft Visual Studio Solution File, Format Version 12.00
# Visual Studio Version 17
VisualStudioVersion = 17.7.34221.43
MinimumVisualStudioVersion = 10.0.40219.1
Project("{FAE04EC0-301F-11D3-BF4B-00C04F79EFBC}") = "ClassLibrary_Bookshelf", "ClassLibrary_Bookshelf\ClassLibrary_Bookshelf.csproj", "{F7908181-7C59-4396-AAB4-BF4D884F740C}"
EndProject
Global
	GlobalSection(SolutionConfigurationPlatforms) = preSolution
		Debug|Any CPU = Debug|Any CPU
		Release|Any CPU = Release|Any CPU
	EndGlobalSection
	GlobalSection(ProjectConfigurationPlatforms) = postSolution
		{F7908181-7C59-4396-AAB4-BF4D884F740C}.Debug|Any CPU.ActiveCfg = Debug|Any CPU
		{F7908181-7C59-4396-AAB4-BF4D884F740C}.Debug|Any CPU.Build.0 = Debug|Any CPU
		{F7908181-7C59-4396-AAB4-BF4D884F740C}.Release|Any CPU.ActiveCfg = Release|Any CPU
		{F7908181-7C59-4396-AAB4-BF4D884F740C}.Release|Any CPU.Build.0 = Release|Any CPU
	EndGlobalSection
	GlobalSection(SolutionProperties) = preSolution
		HideSolutionNode = FALSE
	EndGlobalSection
	GlobalSection(ExtensibilityGlobals) = postSolution
		SolutionGuid = {2A1EBB78-BB7D-4D82-81A8-6C273740D579}
	EndGlobalSection
EndGlobal
